
Microsoft Visual Studio Solution File, Format Version 12.00
# Visual Studio Version 16
VisualStudioVersion = 16.0.29411.108
MinimumVisualStudioVersion = 10.0.40219.1
Project("{FAE04EC0-301F-11D3-BF4B-00C04F79EFBC}") = "List6ad0c", "List6ad0c\List6ad0c.csproj", "{A16AF989-ED60-4466-BA15-8C3A80ADF6FC}"
EndProject
Global
	GlobalSection(SolutionConfigurationPlatforms) = preSolution
		Debug|Any CPU = Debug|Any CPU
		Release|Any CPU = Release|Any CPU
	EndGlobalSection
	GlobalSection(ProjectConfigurationPlatforms) = postSolution
		{A16AF989-ED60-4466-BA15-8C3A80ADF6FC}.Debug|Any CPU.ActiveCfg = Debug|Any CPU
		{A16AF989-ED60-4466-BA15-8C3A80ADF6FC}.Debug|Any CPU.Build.0 = Debug|Any CPU
		{A16AF989-ED60-4466-BA15-8C3A80ADF6FC}.Release|Any CPU.ActiveCfg = Release|Any CPU
		{A16AF989-ED60-4466-BA15-8C3A80ADF6FC}.Release|Any CPU.Build.0 = Release|Any CPU
	EndGlobalSection
	GlobalSection(SolutionProperties) = preSolution
		HideSolutionNode = FALSE
	EndGlobalSection
	GlobalSection(ExtensibilityGlobals) = postSolution
		SolutionGuid = {E3A96B05-9B3A-4F18-B929-D50B9DAEC676}
	EndGlobalSection
EndGlobal
