
Microsoft Visual Studio Solution File, Format Version 12.00
# Visual Studio Version 16
VisualStudioVersion = 16.0.29411.108
MinimumVisualStudioVersion = 10.0.40219.1
Project("{FAE04EC0-301F-11D3-BF4B-00C04F79EFBC}") = "TestHello3", "TestHello3\TestHello3.csproj", "{11651AEF-1E3D-4FB9-A01B-F80DB29BDC65}"
EndProject
Project("{FAE04EC0-301F-11D3-BF4B-00C04F79EFBC}") = "TestHello4", "TestHello4\TestHello4.csproj", "{718252AF-7C52-452E-A93F-67B52C348241}"
EndProject
Global
	GlobalSection(SolutionConfigurationPlatforms) = preSolution
		Debug|Any CPU = Debug|Any CPU
		Release|Any CPU = Release|Any CPU
	EndGlobalSection
	GlobalSection(ProjectConfigurationPlatforms) = postSolution
		{11651AEF-1E3D-4FB9-A01B-F80DB29BDC65}.Debug|Any CPU.ActiveCfg = Debug|Any CPU
		{11651AEF-1E3D-4FB9-A01B-F80DB29BDC65}.Debug|Any CPU.Build.0 = Debug|Any CPU
		{11651AEF-1E3D-4FB9-A01B-F80DB29BDC65}.Release|Any CPU.ActiveCfg = Release|Any CPU
		{11651AEF-1E3D-4FB9-A01B-F80DB29BDC65}.Release|Any CPU.Build.0 = Release|Any CPU
		{718252AF-7C52-452E-A93F-67B52C348241}.Debug|Any CPU.ActiveCfg = Debug|Any CPU
		{718252AF-7C52-452E-A93F-67B52C348241}.Debug|Any CPU.Build.0 = Debug|Any CPU
		{718252AF-7C52-452E-A93F-67B52C348241}.Release|Any CPU.ActiveCfg = Release|Any CPU
		{718252AF-7C52-452E-A93F-67B52C348241}.Release|Any CPU.Build.0 = Release|Any CPU
	EndGlobalSection
	GlobalSection(SolutionProperties) = preSolution
		HideSolutionNode = FALSE
	EndGlobalSection
	GlobalSection(ExtensibilityGlobals) = postSolution
		SolutionGuid = {B1E29B88-EBDA-476C-92FA-19DB9C944EDB}
	EndGlobalSection
EndGlobal
