
Microsoft Visual Studio Solution File, Format Version 12.00
# Visual Studio Version 16
VisualStudioVersion = 16.0.29411.108
MinimumVisualStudioVersion = 10.0.40219.1
Project("{FAE04EC0-301F-11D3-BF4B-00C04F79EFBC}") = "List9ad4", "List9ad4\List9ad4.csproj", "{46A5ECD6-EC12-4122-9C40-3C867343256F}"
EndProject
Global
	GlobalSection(SolutionConfigurationPlatforms) = preSolution
		Debug|Any CPU = Debug|Any CPU
		Release|Any CPU = Release|Any CPU
	EndGlobalSection
	GlobalSection(ProjectConfigurationPlatforms) = postSolution
		{46A5ECD6-EC12-4122-9C40-3C867343256F}.Debug|Any CPU.ActiveCfg = Debug|Any CPU
		{46A5ECD6-EC12-4122-9C40-3C867343256F}.Debug|Any CPU.Build.0 = Debug|Any CPU
		{46A5ECD6-EC12-4122-9C40-3C867343256F}.Release|Any CPU.ActiveCfg = Release|Any CPU
		{46A5ECD6-EC12-4122-9C40-3C867343256F}.Release|Any CPU.Build.0 = Release|Any CPU
	EndGlobalSection
	GlobalSection(SolutionProperties) = preSolution
		HideSolutionNode = FALSE
	EndGlobalSection
	GlobalSection(ExtensibilityGlobals) = postSolution
		SolutionGuid = {26B4AF8B-6CD7-4324-BC95-3F4F2732C40F}
	EndGlobalSection
EndGlobal
