
Microsoft Visual Studio Solution File, Format Version 12.00
# Visual Studio Version 16
VisualStudioVersion = 16.0.29411.108
MinimumVisualStudioVersion = 10.0.40219.1
Project("{FAE04EC0-301F-11D3-BF4B-00C04F79EFBC}") = "List6ad3", "List6ad3\List6ad3.csproj", "{96310D85-779F-4607-A2DB-D81BD4743B3C}"
EndProject
Global
	GlobalSection(SolutionConfigurationPlatforms) = preSolution
		Debug|Any CPU = Debug|Any CPU
		Release|Any CPU = Release|Any CPU
	EndGlobalSection
	GlobalSection(ProjectConfigurationPlatforms) = postSolution
		{96310D85-779F-4607-A2DB-D81BD4743B3C}.Debug|Any CPU.ActiveCfg = Debug|Any CPU
		{96310D85-779F-4607-A2DB-D81BD4743B3C}.Debug|Any CPU.Build.0 = Debug|Any CPU
		{96310D85-779F-4607-A2DB-D81BD4743B3C}.Release|Any CPU.ActiveCfg = Release|Any CPU
		{96310D85-779F-4607-A2DB-D81BD4743B3C}.Release|Any CPU.Build.0 = Release|Any CPU
	EndGlobalSection
	GlobalSection(SolutionProperties) = preSolution
		HideSolutionNode = FALSE
	EndGlobalSection
	GlobalSection(ExtensibilityGlobals) = postSolution
		SolutionGuid = {1BEF86F2-A08A-40B0-B032-E47EFA4D76B5}
	EndGlobalSection
EndGlobal
