
Microsoft Visual Studio Solution File, Format Version 12.00
# Visual Studio Version 16
VisualStudioVersion = 16.0.29411.108
MinimumVisualStudioVersion = 10.0.40219.1
Project("{FAE04EC0-301F-11D3-BF4B-00C04F79EFBC}") = "demo2", "demo2\demo2.csproj", "{A557525F-56D9-4907-9FB4-94AB3CC027C8}"
EndProject
Global
	GlobalSection(SolutionConfigurationPlatforms) = preSolution
		Debug|Any CPU = Debug|Any CPU
		Release|Any CPU = Release|Any CPU
	EndGlobalSection
	GlobalSection(ProjectConfigurationPlatforms) = postSolution
		{A557525F-56D9-4907-9FB4-94AB3CC027C8}.Debug|Any CPU.ActiveCfg = Debug|Any CPU
		{A557525F-56D9-4907-9FB4-94AB3CC027C8}.Debug|Any CPU.Build.0 = Debug|Any CPU
		{A557525F-56D9-4907-9FB4-94AB3CC027C8}.Release|Any CPU.ActiveCfg = Release|Any CPU
		{A557525F-56D9-4907-9FB4-94AB3CC027C8}.Release|Any CPU.Build.0 = Release|Any CPU
	EndGlobalSection
	GlobalSection(SolutionProperties) = preSolution
		HideSolutionNode = FALSE
	EndGlobalSection
	GlobalSection(ExtensibilityGlobals) = postSolution
		SolutionGuid = {79B31568-508E-4D98-988F-9F807C32F632}
	EndGlobalSection
EndGlobal
