
Microsoft Visual Studio Solution File, Format Version 12.00
# Visual Studio Version 16
VisualStudioVersion = 16.0.29411.108
MinimumVisualStudioVersion = 10.0.40219.1
Project("{FAE04EC0-301F-11D3-BF4B-00C04F79EFBC}") = "List11bad0c", "List11bad0c\List11bad0c.csproj", "{51ABDDC8-788F-4471-AB57-2DB269406341}"
EndProject
Global
	GlobalSection(SolutionConfigurationPlatforms) = preSolution
		Debug|Any CPU = Debug|Any CPU
		Release|Any CPU = Release|Any CPU
	EndGlobalSection
	GlobalSection(ProjectConfigurationPlatforms) = postSolution
		{51ABDDC8-788F-4471-AB57-2DB269406341}.Debug|Any CPU.ActiveCfg = Debug|Any CPU
		{51ABDDC8-788F-4471-AB57-2DB269406341}.Debug|Any CPU.Build.0 = Debug|Any CPU
		{51ABDDC8-788F-4471-AB57-2DB269406341}.Release|Any CPU.ActiveCfg = Release|Any CPU
		{51ABDDC8-788F-4471-AB57-2DB269406341}.Release|Any CPU.Build.0 = Release|Any CPU
	EndGlobalSection
	GlobalSection(SolutionProperties) = preSolution
		HideSolutionNode = FALSE
	EndGlobalSection
	GlobalSection(ExtensibilityGlobals) = postSolution
		SolutionGuid = {ECE31DFD-17C8-4EEA-A5DA-EC7B683DA5CD}
	EndGlobalSection
EndGlobal
