
Microsoft Visual Studio Solution File, Format Version 12.00
# Visual Studio Version 16
VisualStudioVersion = 16.0.29411.108
MinimumVisualStudioVersion = 10.0.40219.1
Project("{FAE04EC0-301F-11D3-BF4B-00C04F79EFBC}") = "List6ad0j", "List6ad0j\List6ad0j.csproj", "{69155FFC-4745-4A02-BA50-B3EA94B1B804}"
EndProject
Global
	GlobalSection(SolutionConfigurationPlatforms) = preSolution
		Debug|Any CPU = Debug|Any CPU
		Release|Any CPU = Release|Any CPU
	EndGlobalSection
	GlobalSection(ProjectConfigurationPlatforms) = postSolution
		{69155FFC-4745-4A02-BA50-B3EA94B1B804}.Debug|Any CPU.ActiveCfg = Debug|Any CPU
		{69155FFC-4745-4A02-BA50-B3EA94B1B804}.Debug|Any CPU.Build.0 = Debug|Any CPU
		{69155FFC-4745-4A02-BA50-B3EA94B1B804}.Release|Any CPU.ActiveCfg = Release|Any CPU
		{69155FFC-4745-4A02-BA50-B3EA94B1B804}.Release|Any CPU.Build.0 = Release|Any CPU
	EndGlobalSection
	GlobalSection(SolutionProperties) = preSolution
		HideSolutionNode = FALSE
	EndGlobalSection
	GlobalSection(ExtensibilityGlobals) = postSolution
		SolutionGuid = {CC1A85AD-B39B-4782-B09C-9AC918B9ADFB}
	EndGlobalSection
EndGlobal
