
Microsoft Visual Studio Solution File, Format Version 12.00
# Visual Studio Version 16
VisualStudioVersion = 16.0.29411.108
MinimumVisualStudioVersion = 10.0.40219.1
Project("{FAE04EC0-301F-11D3-BF4B-00C04F79EFBC}") = "list4ad1", "list4ad1\list4ad1.csproj", "{C7018E0E-29E6-48F9-BFDE-AD300FAAADBB}"
EndProject
Global
	GlobalSection(SolutionConfigurationPlatforms) = preSolution
		Debug|Any CPU = Debug|Any CPU
		Release|Any CPU = Release|Any CPU
	EndGlobalSection
	GlobalSection(ProjectConfigurationPlatforms) = postSolution
		{C7018E0E-29E6-48F9-BFDE-AD300FAAADBB}.Debug|Any CPU.ActiveCfg = Debug|Any CPU
		{C7018E0E-29E6-48F9-BFDE-AD300FAAADBB}.Debug|Any CPU.Build.0 = Debug|Any CPU
		{C7018E0E-29E6-48F9-BFDE-AD300FAAADBB}.Release|Any CPU.ActiveCfg = Release|Any CPU
		{C7018E0E-29E6-48F9-BFDE-AD300FAAADBB}.Release|Any CPU.Build.0 = Release|Any CPU
	EndGlobalSection
	GlobalSection(SolutionProperties) = preSolution
		HideSolutionNode = FALSE
	EndGlobalSection
	GlobalSection(ExtensibilityGlobals) = postSolution
		SolutionGuid = {07881514-A82F-4167-8587-1417CAB87D5E}
	EndGlobalSection
EndGlobal
