
Microsoft Visual Studio Solution File, Format Version 12.00
# Visual Studio Version 16
VisualStudioVersion = 16.0.29411.108
MinimumVisualStudioVersion = 10.0.40219.1
Project("{FAE04EC0-301F-11D3-BF4B-00C04F79EFBC}") = "demo1", "demo1\demo1.csproj", "{B15D27E0-922E-41F8-9C12-9AFC10F27AFC}"
EndProject
Global
	GlobalSection(SolutionConfigurationPlatforms) = preSolution
		Debug|Any CPU = Debug|Any CPU
		Release|Any CPU = Release|Any CPU
	EndGlobalSection
	GlobalSection(ProjectConfigurationPlatforms) = postSolution
		{B15D27E0-922E-41F8-9C12-9AFC10F27AFC}.Debug|Any CPU.ActiveCfg = Debug|Any CPU
		{B15D27E0-922E-41F8-9C12-9AFC10F27AFC}.Debug|Any CPU.Build.0 = Debug|Any CPU
		{B15D27E0-922E-41F8-9C12-9AFC10F27AFC}.Release|Any CPU.ActiveCfg = Release|Any CPU
		{B15D27E0-922E-41F8-9C12-9AFC10F27AFC}.Release|Any CPU.Build.0 = Release|Any CPU
	EndGlobalSection
	GlobalSection(SolutionProperties) = preSolution
		HideSolutionNode = FALSE
	EndGlobalSection
	GlobalSection(ExtensibilityGlobals) = postSolution
		SolutionGuid = {EFAF6B9C-CDB9-4D06-9783-43BCAA5B5496}
	EndGlobalSection
EndGlobal
