
Microsoft Visual Studio Solution File, Format Version 12.00
# Visual Studio Version 16
VisualStudioVersion = 16.0.29411.108
MinimumVisualStudioVersion = 10.0.40219.1
Project("{FAE04EC0-301F-11D3-BF4B-00C04F79EFBC}") = "List6ad0a", "List6ad0a\List6ad0a.csproj", "{580BC332-8A88-4BAF-BEAC-059E80CF2C1F}"
EndProject
Global
	GlobalSection(SolutionConfigurationPlatforms) = preSolution
		Debug|Any CPU = Debug|Any CPU
		Release|Any CPU = Release|Any CPU
	EndGlobalSection
	GlobalSection(ProjectConfigurationPlatforms) = postSolution
		{580BC332-8A88-4BAF-BEAC-059E80CF2C1F}.Debug|Any CPU.ActiveCfg = Debug|Any CPU
		{580BC332-8A88-4BAF-BEAC-059E80CF2C1F}.Debug|Any CPU.Build.0 = Debug|Any CPU
		{580BC332-8A88-4BAF-BEAC-059E80CF2C1F}.Release|Any CPU.ActiveCfg = Release|Any CPU
		{580BC332-8A88-4BAF-BEAC-059E80CF2C1F}.Release|Any CPU.Build.0 = Release|Any CPU
	EndGlobalSection
	GlobalSection(SolutionProperties) = preSolution
		HideSolutionNode = FALSE
	EndGlobalSection
	GlobalSection(ExtensibilityGlobals) = postSolution
		SolutionGuid = {F8FD9AAD-2D96-47DE-93A8-F06AB693168B}
	EndGlobalSection
EndGlobal
