
Microsoft Visual Studio Solution File, Format Version 12.00
# Visual Studio Version 16
VisualStudioVersion = 16.0.29411.108
MinimumVisualStudioVersion = 10.0.40219.1
Project("{FAE04EC0-301F-11D3-BF4B-00C04F79EFBC}") = "List5A1a", "List5A1a\List5A1a.csproj", "{65BB310D-A49C-4C24-9082-D3FA59F1A921}"
EndProject
Global
	GlobalSection(SolutionConfigurationPlatforms) = preSolution
		Debug|Any CPU = Debug|Any CPU
		Release|Any CPU = Release|Any CPU
	EndGlobalSection
	GlobalSection(ProjectConfigurationPlatforms) = postSolution
		{65BB310D-A49C-4C24-9082-D3FA59F1A921}.Debug|Any CPU.ActiveCfg = Debug|Any CPU
		{65BB310D-A49C-4C24-9082-D3FA59F1A921}.Debug|Any CPU.Build.0 = Debug|Any CPU
		{65BB310D-A49C-4C24-9082-D3FA59F1A921}.Release|Any CPU.ActiveCfg = Release|Any CPU
		{65BB310D-A49C-4C24-9082-D3FA59F1A921}.Release|Any CPU.Build.0 = Release|Any CPU
	EndGlobalSection
	GlobalSection(SolutionProperties) = preSolution
		HideSolutionNode = FALSE
	EndGlobalSection
	GlobalSection(ExtensibilityGlobals) = postSolution
		SolutionGuid = {85632E94-1B22-4022-B334-E630A9E6DBBA}
	EndGlobalSection
EndGlobal
