
Microsoft Visual Studio Solution File, Format Version 12.00
# Visual Studio Version 16
VisualStudioVersion = 16.0.29411.108
MinimumVisualStudioVersion = 10.0.40219.1
Project("{FAE04EC0-301F-11D3-BF4B-00C04F79EFBC}") = "List7ad0c", "List7ad0c\List7ad0c.csproj", "{6CFA2504-EA56-40BF-9772-3F2BCDA708A1}"
EndProject
Global
	GlobalSection(SolutionConfigurationPlatforms) = preSolution
		Debug|Any CPU = Debug|Any CPU
		Release|Any CPU = Release|Any CPU
	EndGlobalSection
	GlobalSection(ProjectConfigurationPlatforms) = postSolution
		{6CFA2504-EA56-40BF-9772-3F2BCDA708A1}.Debug|Any CPU.ActiveCfg = Debug|Any CPU
		{6CFA2504-EA56-40BF-9772-3F2BCDA708A1}.Debug|Any CPU.Build.0 = Debug|Any CPU
		{6CFA2504-EA56-40BF-9772-3F2BCDA708A1}.Release|Any CPU.ActiveCfg = Release|Any CPU
		{6CFA2504-EA56-40BF-9772-3F2BCDA708A1}.Release|Any CPU.Build.0 = Release|Any CPU
	EndGlobalSection
	GlobalSection(SolutionProperties) = preSolution
		HideSolutionNode = FALSE
	EndGlobalSection
	GlobalSection(ExtensibilityGlobals) = postSolution
		SolutionGuid = {6A160CF0-22BC-4A67-B7E8-C01A425090EA}
	EndGlobalSection
EndGlobal
